{
  "name": "Tigerbeetle",
  "lockfileVersion": 3,
  "requires": true,
  "packages": {
    "": {
      "dependencies": {
        "tigerbeetle-node": "^0.16.9"
      }
    },
    "node_modules/tigerbeetle-node": {
      "version": "0.16.9",
      "resolved": "https://registry.npmjs.org/tigerbeetle-node/-/tigerbeetle-node-0.16.9.tgz",
      "integrity": "sha512-cg+jqcWxkRBcAaPiCMucQzauQrx1cqrwjDRcK8owWOSw0KSpfnzGRObuDmqkx9OZ50wAgQlZ9S6RB5x5Dw9ssg==",
      "engines": {
        "node": ">=14.0.0"
      }
    }
  }
}
